
Microsoft Visual Studio Solution File, Format Version 12.00
# Visual Studio Version 16
VisualStudioVersion = 16.0.28803.202
MinimumVisualStudioVersion = 10.0.40219.1
Project("{2150E333-8FDC-42A3-9474-1A3956D46DE8}") = "Basic", "Basic", "{20618121-91AE-4EFE-9899-ABCB0ADACE86}"
EndProject
Project("{9A19103F-16F7-4668-BE54-9A1E7A4F7556}") = "Senparc.Scf.Mvc.UI", "Basic\Senparc.Scf.Mvc.UI\Senparc.Scf.Mvc.UI.csproj", "{353775C5-4979-48FF-B4C6-90C54D923AB7}"
EndProject
Project("{9A19103F-16F7-4668-BE54-9A1E7A4F7556}") = "Senparc.Scf.Core", "Basic\Senparc.Scf.Core\Senparc.Scf.Core.csproj", "{AB5A4906-7E58-4D1B-BA46-E7DCE40FD310}"
EndProject
Project("{9A19103F-16F7-4668-BE54-9A1E7A4F7556}") = "Senparc.Scf.Repository", "Basic\Senparc.Scf.Repository\Senparc.Scf.Repository.csproj", "{9715307C-A38E-416C-B9A3-EF0F39837A1A}"
EndProject
Project("{9A19103F-16F7-4668-BE54-9A1E7A4F7556}") = "Senparc.Scf.Log", "Basic\Senparc.Scf.Log\Senparc.Scf.Log.csproj", "{2AF3D7C2-0633-4D15-8E29-5E068F0D2DDA}"
EndProject
Project("{9A19103F-16F7-4668-BE54-9A1E7A4F7556}") = "Senparc.Scf.Utility", "Basic\Senparc.Scf.Utility\Senparc.Scf.Utility.csproj", "{49853A70-AE13-481D-9A98-72DE029717C9}"
EndProject
Project("{9A19103F-16F7-4668-BE54-9A1E7A4F7556}") = "Senparc.Scf.Service", "Basic\Senparc.Scf.Service\Senparc.Scf.Service.csproj", "{05EA51B5-9C9D-457F-A69E-9ACB218D7AA5}"
EndProject
Project("{9A19103F-16F7-4668-BE54-9A1E7A4F7556}") = "Senparc.Scf.SMS", "Basic\Senparc.Scf.SMS\Senparc.Scf.SMS.csproj", "{D67659FE-8708-4913-9A56-BE8ECB838405}"
EndProject
Project("{2150E333-8FDC-42A3-9474-1A3956D46DE8}") = "Tests", "Tests", "{FEF3CC72-9596-49E1-A910-990F607E9E76}"
EndProject
Project("{2150E333-8FDC-42A3-9474-1A3956D46DE8}") = "Extensions", "Extensions", "{BBF132A7-018B-417A-9F56-396FB9CF391D}"
EndProject
Project("{FAE04EC0-301F-11D3-BF4B-00C04F79EFBC}") = "Senparc.Xscf.ChangeNamespace", "Extensions\Senparc.Xscf.ChangeNamespace\Senparc.Xscf.ChangeNamespace.csproj", "{6E82880C-097D-47A5-82B4-BA505050BC85}"
EndProject
Project("{FAE04EC0-301F-11D3-BF4B-00C04F79EFBC}") = "Senparc.Scf.XscfBase", "Basic\Senparc.Scf.XscfBase\Senparc.Scf.XscfBase.csproj", "{A151364D-A8F3-49CF-8A0E-8CBE9833225D}"
EndProject
Global
	GlobalSection(SolutionConfigurationPlatforms) = preSolution
		Debug|Any CPU = Debug|Any CPU
		Release|Any CPU = Release|Any CPU
	EndGlobalSection
	GlobalSection(ProjectConfigurationPlatforms) = postSolution
		{353775C5-4979-48FF-B4C6-90C54D923AB7}.Debug|Any CPU.ActiveCfg = Debug|Any CPU
		{353775C5-4979-48FF-B4C6-90C54D923AB7}.Debug|Any CPU.Build.0 = Debug|Any CPU
		{353775C5-4979-48FF-B4C6-90C54D923AB7}.Release|Any CPU.ActiveCfg = Release|Any CPU
		{353775C5-4979-48FF-B4C6-90C54D923AB7}.Release|Any CPU.Build.0 = Release|Any CPU
		{AB5A4906-7E58-4D1B-BA46-E7DCE40FD310}.Debug|Any CPU.ActiveCfg = Debug|Any CPU
		{AB5A4906-7E58-4D1B-BA46-E7DCE40FD310}.Debug|Any CPU.Build.0 = Debug|Any CPU
		{AB5A4906-7E58-4D1B-BA46-E7DCE40FD310}.Release|Any CPU.ActiveCfg = Release|Any CPU
		{AB5A4906-7E58-4D1B-BA46-E7DCE40FD310}.Release|Any CPU.Build.0 = Release|Any CPU
		{9715307C-A38E-416C-B9A3-EF0F39837A1A}.Debug|Any CPU.ActiveCfg = Debug|Any CPU
		{9715307C-A38E-416C-B9A3-EF0F39837A1A}.Debug|Any CPU.Build.0 = Debug|Any CPU
		{9715307C-A38E-416C-B9A3-EF0F39837A1A}.Release|Any CPU.ActiveCfg = Release|Any CPU
		{9715307C-A38E-416C-B9A3-EF0F39837A1A}.Release|Any CPU.Build.0 = Release|Any CPU
		{2AF3D7C2-0633-4D15-8E29-5E068F0D2DDA}.Debug|Any CPU.ActiveCfg = Debug|Any CPU
		{2AF3D7C2-0633-4D15-8E29-5E068F0D2DDA}.Debug|Any CPU.Build.0 = Debug|Any CPU
		{2AF3D7C2-0633-4D15-8E29-5E068F0D2DDA}.Release|Any CPU.ActiveCfg = Release|Any CPU
		{2AF3D7C2-0633-4D15-8E29-5E068F0D2DDA}.Release|Any CPU.Build.0 = Release|Any CPU
		{49853A70-AE13-481D-9A98-72DE029717C9}.Debug|Any CPU.ActiveCfg = Debug|Any CPU
		{49853A70-AE13-481D-9A98-72DE029717C9}.Debug|Any CPU.Build.0 = Debug|Any CPU
		{49853A70-AE13-481D-9A98-72DE029717C9}.Release|Any CPU.ActiveCfg = Release|Any CPU
		{49853A70-AE13-481D-9A98-72DE029717C9}.Release|Any CPU.Build.0 = Release|Any CPU
		{05EA51B5-9C9D-457F-A69E-9ACB218D7AA5}.Debug|Any CPU.ActiveCfg = Debug|Any CPU
		{05EA51B5-9C9D-457F-A69E-9ACB218D7AA5}.Debug|Any CPU.Build.0 = Debug|Any CPU
		{05EA51B5-9C9D-457F-A69E-9ACB218D7AA5}.Release|Any CPU.ActiveCfg = Release|Any CPU
		{05EA51B5-9C9D-457F-A69E-9ACB218D7AA5}.Release|Any CPU.Build.0 = Release|Any CPU
		{D67659FE-8708-4913-9A56-BE8ECB838405}.Debug|Any CPU.ActiveCfg = Debug|Any CPU
		{D67659FE-8708-4913-9A56-BE8ECB838405}.Debug|Any CPU.Build.0 = Debug|Any CPU
		{D67659FE-8708-4913-9A56-BE8ECB838405}.Release|Any CPU.ActiveCfg = Release|Any CPU
		{D67659FE-8708-4913-9A56-BE8ECB838405}.Release|Any CPU.Build.0 = Release|Any CPU
		{6E82880C-097D-47A5-82B4-BA505050BC85}.Debug|Any CPU.ActiveCfg = Debug|Any CPU
		{6E82880C-097D-47A5-82B4-BA505050BC85}.Debug|Any CPU.Build.0 = Debug|Any CPU
		{6E82880C-097D-47A5-82B4-BA505050BC85}.Release|Any CPU.ActiveCfg = Release|Any CPU
		{6E82880C-097D-47A5-82B4-BA505050BC85}.Release|Any CPU.Build.0 = Release|Any CPU
		{A151364D-A8F3-49CF-8A0E-8CBE9833225D}.Debug|Any CPU.ActiveCfg = Debug|Any CPU
		{A151364D-A8F3-49CF-8A0E-8CBE9833225D}.Debug|Any CPU.Build.0 = Debug|Any CPU
		{A151364D-A8F3-49CF-8A0E-8CBE9833225D}.Release|Any CPU.ActiveCfg = Release|Any CPU
		{A151364D-A8F3-49CF-8A0E-8CBE9833225D}.Release|Any CPU.Build.0 = Release|Any CPU
	EndGlobalSection
	GlobalSection(SolutionProperties) = preSolution
		HideSolutionNode = FALSE
	EndGlobalSection
	GlobalSection(NestedProjects) = preSolution
		{353775C5-4979-48FF-B4C6-90C54D923AB7} = {20618121-91AE-4EFE-9899-ABCB0ADACE86}
		{AB5A4906-7E58-4D1B-BA46-E7DCE40FD310} = {20618121-91AE-4EFE-9899-ABCB0ADACE86}
		{9715307C-A38E-416C-B9A3-EF0F39837A1A} = {20618121-91AE-4EFE-9899-ABCB0ADACE86}
		{2AF3D7C2-0633-4D15-8E29-5E068F0D2DDA} = {20618121-91AE-4EFE-9899-ABCB0ADACE86}
		{49853A70-AE13-481D-9A98-72DE029717C9} = {20618121-91AE-4EFE-9899-ABCB0ADACE86}
		{05EA51B5-9C9D-457F-A69E-9ACB218D7AA5} = {20618121-91AE-4EFE-9899-ABCB0ADACE86}
		{D67659FE-8708-4913-9A56-BE8ECB838405} = {20618121-91AE-4EFE-9899-ABCB0ADACE86}
		{6E82880C-097D-47A5-82B4-BA505050BC85} = {BBF132A7-018B-417A-9F56-396FB9CF391D}
		{A151364D-A8F3-49CF-8A0E-8CBE9833225D} = {20618121-91AE-4EFE-9899-ABCB0ADACE86}
	EndGlobalSection
	GlobalSection(ExtensibilityGlobals) = postSolution
		SolutionGuid = {7427A6C9-D522-4B10-B0AC-607D69736B50}
	EndGlobalSection
EndGlobal
